
Microsoft Visual Studio Solution File, Format Version 12.00
# Visual Studio Version 17
VisualStudioVersion = 17.6.33717.318
MinimumVisualStudioVersion = 10.0.40219.1
Project("{9A19103F-16F7-4668-BE54-9A1E7A4F7556}") = "MedicalSuppliesWeb", "MedicalSuppliesWeb\MedicalSuppliesWeb.csproj", "{8F400E50-AA52-4345-AE34-96BA511BD2D4}"
EndProject
Project("{9A19103F-16F7-4668-BE54-9A1E7A4F7556}") = "MedicalSuppliesModels", "MedicalSuppliesModels\MedicalSuppliesModels.csproj", "{27B3CE7A-E280-4FAA-888C-3EDBF7C24F89}"
EndProject
Project("{9A19103F-16F7-4668-BE54-9A1E7A4F7556}") = "MedicalSuppliesData", "MedicalSuppliesData\MedicalSuppliesData.csproj", "{975C6DC4-95ED-4823-BA74-B6906C3C9ACA}"
EndProject
Project("{9A19103F-16F7-4668-BE54-9A1E7A4F7556}") = "Inventory Dashboard", "Inventory Dashboard\Inventory Dashboard.csproj", "{CF242DEF-6156-4DDA-981C-3ED401138B3D}"
EndProject
Project("{FAE04EC0-301F-11D3-BF4B-00C04F79EFBC}") = "MedicalSuppliesServices", "MedicalSuppliesServices\MedicalSuppliesServices.csproj", "{2919AF00-F8A7-4175-B401-4B208942AC62}"
EndProject
Global
	GlobalSection(SolutionConfigurationPlatforms) = preSolution
		Debug|Any CPU = Debug|Any CPU
		Release|Any CPU = Release|Any CPU
	EndGlobalSection
	GlobalSection(ProjectConfigurationPlatforms) = postSolution
		{8F400E50-AA52-4345-AE34-96BA511BD2D4}.Debug|Any CPU.ActiveCfg = Debug|Any CPU
		{8F400E50-AA52-4345-AE34-96BA511BD2D4}.Debug|Any CPU.Build.0 = Debug|Any CPU
		{8F400E50-AA52-4345-AE34-96BA511BD2D4}.Release|Any CPU.ActiveCfg = Release|Any CPU
		{8F400E50-AA52-4345-AE34-96BA511BD2D4}.Release|Any CPU.Build.0 = Release|Any CPU
		{27B3CE7A-E280-4FAA-888C-3EDBF7C24F89}.Debug|Any CPU.ActiveCfg = Debug|Any CPU
		{27B3CE7A-E280-4FAA-888C-3EDBF7C24F89}.Debug|Any CPU.Build.0 = Debug|Any CPU
		{27B3CE7A-E280-4FAA-888C-3EDBF7C24F89}.Release|Any CPU.ActiveCfg = Release|Any CPU
		{27B3CE7A-E280-4FAA-888C-3EDBF7C24F89}.Release|Any CPU.Build.0 = Release|Any CPU
		{975C6DC4-95ED-4823-BA74-B6906C3C9ACA}.Debug|Any CPU.ActiveCfg = Debug|Any CPU
		{975C6DC4-95ED-4823-BA74-B6906C3C9ACA}.Debug|Any CPU.Build.0 = Debug|Any CPU
		{975C6DC4-95ED-4823-BA74-B6906C3C9ACA}.Release|Any CPU.ActiveCfg = Release|Any CPU
		{975C6DC4-95ED-4823-BA74-B6906C3C9ACA}.Release|Any CPU.Build.0 = Release|Any CPU
		{CF242DEF-6156-4DDA-981C-3ED401138B3D}.Debug|Any CPU.ActiveCfg = Debug|Any CPU
		{CF242DEF-6156-4DDA-981C-3ED401138B3D}.Debug|Any CPU.Build.0 = Debug|Any CPU
		{CF242DEF-6156-4DDA-981C-3ED401138B3D}.Release|Any CPU.ActiveCfg = Release|Any CPU
		{CF242DEF-6156-4DDA-981C-3ED401138B3D}.Release|Any CPU.Build.0 = Release|Any CPU
		{2919AF00-F8A7-4175-B401-4B208942AC62}.Debug|Any CPU.ActiveCfg = Debug|Any CPU
		{2919AF00-F8A7-4175-B401-4B208942AC62}.Debug|Any CPU.Build.0 = Debug|Any CPU
		{2919AF00-F8A7-4175-B401-4B208942AC62}.Release|Any CPU.ActiveCfg = Release|Any CPU
		{2919AF00-F8A7-4175-B401-4B208942AC62}.Release|Any CPU.Build.0 = Release|Any CPU
	EndGlobalSection
	GlobalSection(SolutionProperties) = preSolution
		HideSolutionNode = FALSE
	EndGlobalSection
	GlobalSection(ExtensibilityGlobals) = postSolution
		SolutionGuid = {B7E3A96F-30C4-4708-83F6-90EE52908348}
	EndGlobalSection
EndGlobal
